// !$*UTF8*$!
{
	archiveVersion = 1;
	classes = {
	};
	objectVersion = 51;
	objects = {

/* Begin PBXBuildFile section */
		7601B6BF256E829800DD0977 /* UserModel.swift in Sources */ = {isa = PBXBuildFile; fileRef = 7601B6B6256E829700DD0977 /* UserModel.swift */; };
		7601B6C0256E829800DD0977 /* UsersNetworking.swift in Sources */ = {isa = PBXBuildFile; fileRef = 7601B6B9256E829800DD0977 /* UsersNetworking.swift */; };
		7601B6C1256E829800DD0977 /* UsersAPI.swift in Sources */ = {isa = PBXBuildFile; fileRef = 7601B6BA256E829800DD0977 /* UsersAPI.swift */; };
		7601B6C2256E829800DD0977 /* TargetType.swift in Sources */ = {isa = PBXBuildFile; fileRef = 7601B6BC256E829800DD0977 /* TargetType.swift */; };
		7601B6C3256E829800DD0977 /* BaseResponse.swift in Sources */ = {isa = PBXBuildFile; fileRef = 7601B6BD256E829800DD0977 /* BaseResponse.swift */; };
		7601B6C4256E829800DD0977 /* BaseAPI.swift in Sources */ = {isa = PBXBuildFile; fileRef = 7601B6BE256E829800DD0977 /* BaseAPI.swift */; };
		7601B6E1256E993F00DD0977 /* UserVC.swift in Sources */ = {isa = PBXBuildFile; fileRef = 7601B6E0256E993F00DD0977 /* UserVC.swift */; };
		7601B6E5256EA21800DD0977 /* Constants.swift in Sources */ = {isa = PBXBuildFile; fileRef = 7601B6E4256EA21800DD0977 /* Constants.swift */; };
		769F867E256BB829001F490A /* AppDelegate.swift in Sources */ = {isa = PBXBuildFile; fileRef = 769F867D256BB829001F490A /* AppDelegate.swift */; };
		769F8680256BB829001F490A /* SceneDelegate.swift in Sources */ = {isa = PBXBuildFile; fileRef = 769F867F256BB829001F490A /* SceneDelegate.swift */; };
		769F8682256BB829001F490A /* TestVC.swift in Sources */ = {isa = PBXBuildFile; fileRef = 769F8681256BB829001F490A /* TestVC.swift */; };
		769F8685256BB829001F490A /* Main.storyboard in Resources */ = {isa = PBXBuildFile; fileRef = 769F8683256BB829001F490A /* Main.storyboard */; };
		769F8687256BB82F001F490A /* Assets.xcassets in Resources */ = {isa = PBXBuildFile; fileRef = 769F8686256BB82F001F490A /* Assets.xcassets */; };
		769F868A256BB82F001F490A /* LaunchScreen.storyboard in Resources */ = {isa = PBXBuildFile; fileRef = 769F8688256BB82F001F490A /* LaunchScreen.storyboard */; };
		D42B6FDC2D0366EA9EE6DB2F /* Pods_GenericNetwork.framework in Frameworks */ = {isa = PBXBuildFile; fileRef = 2E09233688EF0D12FCF3353B /* Pods_GenericNetwork.framework */; };
/* End PBXBuildFile section */

/* Begin PBXFileReference section */
		2E09233688EF0D12FCF3353B /* Pods_GenericNetwork.framework */ = {isa = PBXFileReference; explicitFileType = wrapper.framework; includeInIndex = 0; path = Pods_GenericNetwork.framework; sourceTree = BUILT_PRODUCTS_DIR; };
		617A97F09BBCE400ED7482FD /* Pods-GenericNetwork.debug.xcconfig */ = {isa = PBXFileReference; includeInIndex = 1; lastKnownFileType = text.xcconfig; name = "Pods-GenericNetwork.debug.xcconfig"; path = "Target Support Files/Pods-GenericNetwork/Pods-GenericNetwork.debug.xcconfig"; sourceTree = "<group>"; };
		7601B6B6256E829700DD0977 /* UserModel.swift */ = {isa = PBXFileReference; fileEncoding = 4; lastKnownFileType = sourcecode.swift; path = UserModel.swift; sourceTree = "<group>"; };
		7601B6B9256E829800DD0977 /* UsersNetworking.swift */ = {isa = PBXFileReference; fileEncoding = 4; lastKnownFileType = sourcecode.swift; path = UsersNetworking.swift; sourceTree = "<group>"; };
		7601B6BA256E829800DD0977 /* UsersAPI.swift */ = {isa = PBXFileReference; fileEncoding = 4; lastKnownFileType = sourcecode.swift; path = UsersAPI.swift; sourceTree = "<group>"; };
		7601B6BC256E829800DD0977 /* TargetType.swift */ = {isa = PBXFileReference; fileEncoding = 4; lastKnownFileType = sourcecode.swift; path = TargetType.swift; sourceTree = "<group>"; };
		7601B6BD256E829800DD0977 /* BaseResponse.swift */ = {isa = PBXFileReference; fileEncoding = 4; lastKnownFileType = sourcecode.swift; path = BaseResponse.swift; sourceTree = "<group>"; };
		7601B6BE256E829800DD0977 /* BaseAPI.swift */ = {isa = PBXFileReference; fileEncoding = 4; lastKnownFileType = sourcecode.swift; path = BaseAPI.swift; sourceTree = "<group>"; };
		7601B6E0256E993F00DD0977 /* UserVC.swift */ = {isa = PBXFileReference; lastKnownFileType = sourcecode.swift; path = UserVC.swift; sourceTree = "<group>"; };
		7601B6E4256EA21800DD0977 /* Constants.swift */ = {isa = PBXFileReference; fileEncoding = 4; lastKnownFileType = sourcecode.swift; path = Constants.swift; sourceTree = "<group>"; };
		769F867A256BB829001F490A /* GenericNetwork.app */ = {isa = PBXFileReference; explicitFileType = wrapper.application; includeInIndex = 0; path = GenericNetwork.app; sourceTree = BUILT_PRODUCTS_DIR; };
		769F867D256BB829001F490A /* AppDelegate.swift */ = {isa = PBXFileReference; lastKnownFileType = sourcecode.swift; path = AppDelegate.swift; sourceTree = "<group>"; };
		769F867F256BB829001F490A /* SceneDelegate.swift */ = {isa = PBXFileReference; lastKnownFileType = sourcecode.swift; path = SceneDelegate.swift; sourceTree = "<group>"; };
		769F8681256BB829001F490A /* TestVC.swift */ = {isa = PBXFileReference; lastKnownFileType = sourcecode.swift; path = TestVC.swift; sourceTree = "<group>"; };
		769F8684256BB829001F490A /* Base */ = {isa = PBXFileReference; lastKnownFileType = file.storyboard; name = Base; path = Base.lproj/Main.storyboard; sourceTree = "<group>"; };
		769F8686256BB82F001F490A /* Assets.xcassets */ = {isa = PBXFileReference; lastKnownFileType = folder.assetcatalog; path = Assets.xcassets; sourceTree = "<group>"; };
		769F8689256BB82F001F490A /* Base */ = {isa = PBXFileReference; lastKnownFileType = file.storyboard; name = Base; path = Base.lproj/LaunchScreen.storyboard; sourceTree = "<group>"; };
		769F868B256BB82F001F490A /* Info.plist */ = {isa = PBXFileReference; lastKnownFileType = text.plist.xml; path = Info.plist; sourceTree = "<group>"; };
		B0F9D9C704C0D23D66F3CBB1 /* Pods-GenericNetwork.release.xcconfig */ = {isa = PBXFileReference; includeInIndex = 1; lastKnownFileType = text.xcconfig; name = "Pods-GenericNetwork.release.xcconfig"; path = "Target Support Files/Pods-GenericNetwork/Pods-GenericNetwork.release.xcconfig"; sourceTree = "<group>"; };
/* End PBXFileReference section */

/* Begin PBXFrameworksBuildPhase section */
		769F8677256BB829001F490A /* Frameworks */ = {
			isa = PBXFrameworksBuildPhase;
			buildActionMask = 2147483647;
			files = (
				D42B6FDC2D0366EA9EE6DB2F /* Pods_GenericNetwork.framework in Frameworks */,
			);
			runOnlyForDeploymentPostprocessing = 0;
		};
/* End PBXFrameworksBuildPhase section */

/* Begin PBXGroup section */
		29CE8B4A1A8F0EA0FC29A2D8 /* Frameworks */ = {
			isa = PBXGroup;
			children = (
				2E09233688EF0D12FCF3353B /* Pods_GenericNetwork.framework */,
			);
			name = Frameworks;
			sourceTree = "<group>";
		};
		7601B6B5256E829700DD0977 /* Model */ = {
			isa = PBXGroup;
			children = (
				7601B6B6256E829700DD0977 /* UserModel.swift */,
			);
			path = Model;
			sourceTree = "<group>";
		};
		7601B6B7256E829800DD0977 /* Modules */ = {
			isa = PBXGroup;
			children = (
				7601B6B8256E829800DD0977 /* Users */,
			);
			path = Modules;
			sourceTree = "<group>";
		};
		7601B6B8256E829800DD0977 /* Users */ = {
			isa = PBXGroup;
			children = (
				7601B6B5256E829700DD0977 /* Model */,
				7601B6DC256E97C100DD0977 /* Controller */,
			);
			path = Users;
			sourceTree = "<group>";
		};
		7601B6BB256E829800DD0977 /* Base */ = {
			isa = PBXGroup;
			children = (
				7601B6BC256E829800DD0977 /* TargetType.swift */,
				7601B6BD256E829800DD0977 /* BaseResponse.swift */,
				7601B6BE256E829800DD0977 /* BaseAPI.swift */,
			);
			path = Base;
			sourceTree = "<group>";
		};
		7601B6D6256E953E00DD0977 /* Supporting Files */ = {
			isa = PBXGroup;
			children = (
				769F867D256BB829001F490A /* AppDelegate.swift */,
				769F867F256BB829001F490A /* SceneDelegate.swift */,
				769F868B256BB82F001F490A /* Info.plist */,
			);
			path = "Supporting Files";
			sourceTree = "<group>";
		};
		7601B6D9256E966500DD0977 /* Resources */ = {
			isa = PBXGroup;
			children = (
				769F8686256BB82F001F490A /* Assets.xcassets */,
			);
			path = Resources;
			sourceTree = "<group>";
		};
		7601B6DA256E968600DD0977 /* Screens */ = {
			isa = PBXGroup;
			children = (
				769F8683256BB829001F490A /* Main.storyboard */,
				769F8688256BB82F001F490A /* LaunchScreen.storyboard */,
			);
			path = Screens;
			sourceTree = "<group>";
		};
		7601B6DB256E96F900DD0977 /* Service */ = {
			isa = PBXGroup;
			children = (
				7601B6BB256E829800DD0977 /* Base */,
				7601B6DD256E983100DD0977 /* Users */,
			);
			path = Service;
			sourceTree = "<group>";
		};
		7601B6DC256E97C100DD0977 /* Controller */ = {
			isa = PBXGroup;
			children = (
				7601B6E0256E993F00DD0977 /* UserVC.swift */,
			);
			path = Controller;
			sourceTree = "<group>";
		};
		7601B6DD256E983100DD0977 /* Users */ = {
			isa = PBXGroup;
			children = (
				7601B6BA256E829800DD0977 /* UsersAPI.swift */,
				7601B6B9256E829800DD0977 /* UsersNetworking.swift */,
			);
			path = Users;
			sourceTree = "<group>";
		};
		769F8671256BB829001F490A = {
			isa = PBXGroup;
			children = (
				769F867C256BB829001F490A /* GenericNetwork */,
				769F867B256BB829001F490A /* Products */,
				8B51361A325659CA36CC245D /* Pods */,
				29CE8B4A1A8F0EA0FC29A2D8 /* Frameworks */,
			);
			sourceTree = "<group>";
		};
		769F867B256BB829001F490A /* Products */ = {
			isa = PBXGroup;
			children = (
				769F867A256BB829001F490A /* GenericNetwork.app */,
			);
			name = Products;
			sourceTree = "<group>";
		};
		769F867C256BB829001F490A /* GenericNetwork */ = {
			isa = PBXGroup;
			children = (
				7601B6D6256E953E00DD0977 /* Supporting Files */,
				7601B6D9256E966500DD0977 /* Resources */,
				7601B6DA256E968600DD0977 /* Screens */,
				7601B6B7256E829800DD0977 /* Modules */,
				7601B6DB256E96F900DD0977 /* Service */,
				769F8681256BB829001F490A /* TestVC.swift */,
				7601B6E4256EA21800DD0977 /* Constants.swift */,
			);
			path = GenericNetwork;
			sourceTree = "<group>";
		};
		8B51361A325659CA36CC245D /* Pods */ = {
			isa = PBXGroup;
			children = (
				617A97F09BBCE400ED7482FD /* Pods-GenericNetwork.debug.xcconfig */,
				B0F9D9C704C0D23D66F3CBB1 /* Pods-GenericNetwork.release.xcconfig */,
			);
			path = Pods;
			sourceTree = "<group>";
		};
/* End PBXGroup section */

/* Begin PBXNativeTarget section */
		769F8679256BB829001F490A /* GenericNetwork */ = {
			isa = PBXNativeTarget;
			buildConfigurationList = 769F868E256BB82F001F490A /* Build configuration list for PBXNativeTarget "GenericNetwork" */;
			buildPhases = (
				EA3A89C93F26727FBA86BE95 /* [CP] Check Pods Manifest.lock */,
				769F8676256BB829001F490A /* Sources */,
				769F8677256BB829001F490A /* Frameworks */,
				769F8678256BB829001F490A /* Resources */,
				2FCB4C53CB789517097F4C8A /* [CP] Embed Pods Frameworks */,
			);
			buildRules = (
			);
			dependencies = (
			);
			name = GenericNetwork;
			productName = GenericNetwork;
			productReference = 769F867A256BB829001F490A /* GenericNetwork.app */;
			productType = "com.apple.product-type.application";
		};
/* End PBXNativeTarget section */

/* Begin PBXProject section */
		769F8672256BB829001F490A /* Project object */ = {
			isa = PBXProject;
			attributes = {
				LastSwiftUpdateCheck = 1220;
				LastUpgradeCheck = 1220;
				TargetAttributes = {
					769F8679256BB829001F490A = {
						CreatedOnToolsVersion = 12.2;
					};
				};
			};
			buildConfigurationList = 769F8675256BB829001F490A /* Build configuration list for PBXProject "GenericNetwork" */;
			compatibilityVersion = "Xcode 9.3";
			developmentRegion = en;
			hasScannedForEncodings = 0;
			knownRegions = (
				en,
				Base,
			);
			mainGroup = 769F8671256BB829001F490A;
			productRefGroup = 769F867B256BB829001F490A /* Products */;
			projectDirPath = "";
			projectRoot = "";
			targets = (
				769F8679256BB829001F490A /* GenericNetwork */,
			);
		};
/* End PBXProject section */

/* Begin PBXResourcesBuildPhase section */
		769F8678256BB829001F490A /* Resources */ = {
			isa = PBXResourcesBuildPhase;
			buildActionMask = 2147483647;
			files = (
				769F868A256BB82F001F490A /* LaunchScreen.storyboard in Resources */,
				769F8687256BB82F001F490A /* Assets.xcassets in Resources */,
				769F8685256BB829001F490A /* Main.storyboard in Resources */,
			);
			runOnlyForDeploymentPostprocessing = 0;
		};
/* End PBXResourcesBuildPhase section */

/* Begin PBXShellScriptBuildPhase section */
		2FCB4C53CB789517097F4C8A /* [CP] Embed Pods Frameworks */ = {
			isa = PBXShellScriptBuildPhase;
			buildActionMask = 2147483647;
			files = (
			);
			inputFileListPaths = (
				"${PODS_ROOT}/Target Support Files/Pods-GenericNetwork/Pods-GenericNetwork-frameworks-${CONFIGURATION}-input-files.xcfilelist",
			);
			name = "[CP] Embed Pods Frameworks";
			outputFileListPaths = (
				"${PODS_ROOT}/Target Support Files/Pods-GenericNetwork/Pods-GenericNetwork-frameworks-${CONFIGURATION}-output-files.xcfilelist",
			);
			runOnlyForDeploymentPostprocessing = 0;
			shellPath = /bin/sh;
			shellScript = "\"${PODS_ROOT}/Target Support Files/Pods-GenericNetwork/Pods-GenericNetwork-frameworks.sh\"\n";
			showEnvVarsInLog = 0;
		};
		EA3A89C93F26727FBA86BE95 /* [CP] Check Pods Manifest.lock */ = {
			isa = PBXShellScriptBuildPhase;
			buildActionMask = 2147483647;
			files = (
			);
			inputFileListPaths = (
			);
			inputPaths = (
				"${PODS_PODFILE_DIR_PATH}/Podfile.lock",
				"${PODS_ROOT}/Manifest.lock",
			);
			name = "[CP] Check Pods Manifest.lock";
			outputFileListPaths = (
			);
			outputPaths = (
				"$(DERIVED_FILE_DIR)/Pods-GenericNetwork-checkManifestLockResult.txt",
			);
			runOnlyForDeploymentPostprocessing = 0;
			shellPath = /bin/sh;
			shellScript = "diff \"${PODS_PODFILE_DIR_PATH}/Podfile.lock\" \"${PODS_ROOT}/Manifest.lock\" > /dev/null\nif [ $? != 0 ] ; then\n    # print error to STDERR\n    echo \"error: The sandbox is not in sync with the Podfile.lock. Run 'pod install' or update your CocoaPods installation.\" >&2\n    exit 1\nfi\n# This output is used by Xcode 'outputs' to avoid re-running this script phase.\necho \"SUCCESS\" > \"${SCRIPT_OUTPUT_FILE_0}\"\n";
			showEnvVarsInLog = 0;
		};
/* End PBXShellScriptBuildPhase section */

/* Begin PBXSourcesBuildPhase section */
		769F8676256BB829001F490A /* Sources */ = {
			isa = PBXSourcesBuildPhase;
			buildActionMask = 2147483647;
			files = (
				769F8682256BB829001F490A /* TestVC.swift in Sources */,
				7601B6E5256EA21800DD0977 /* Constants.swift in Sources */,
				7601B6E1256E993F00DD0977 /* UserVC.swift in Sources */,
				7601B6C1256E829800DD0977 /* UsersAPI.swift in Sources */,
				769F867E256BB829001F490A /* AppDelegate.swift in Sources */,
				7601B6C4256E829800DD0977 /* BaseAPI.swift in Sources */,
				7601B6BF256E829800DD0977 /* UserModel.swift in Sources */,
				7601B6C0256E829800DD0977 /* UsersNetworking.swift in Sources */,
				769F8680256BB829001F490A /* SceneDelegate.swift in Sources */,
				7601B6C2256E829800DD0977 /* TargetType.swift in Sources */,
				7601B6C3256E829800DD0977 /* BaseResponse.swift in Sources */,
			);
			runOnlyForDeploymentPostprocessing = 0;
		};
/* End PBXSourcesBuildPhase section */

/* Begin PBXVariantGroup section */
		769F8683256BB829001F490A /* Main.storyboard */ = {
			isa = PBXVariantGroup;
			children = (
				769F8684256BB829001F490A /* Base */,
			);
			name = Main.storyboard;
			sourceTree = "<group>";
		};
		769F8688256BB82F001F490A /* LaunchScreen.storyboard */ = {
			isa = PBXVariantGroup;
			children = (
				769F8689256BB82F001F490A /* Base */,
			);
			name = LaunchScreen.storyboard;
			sourceTree = "<group>";
		};
/* End PBXVariantGroup section */

/* Begin XCBuildConfiguration section */
		769F868C256BB82F001F490A /* Debug */ = {
			isa = XCBuildConfiguration;
			buildSettings = {
				ALWAYS_SEARCH_USER_PATHS = NO;
				CLANG_ANALYZER_NONNULL = YES;
				CLANG_ANALYZER_NUMBER_OBJECT_CONVERSION = YES_AGGRESSIVE;
				CLANG_CXX_LANGUAGE_STANDARD = "gnu++14";
				CLANG_CXX_LIBRARY = "libc++";
				CLANG_ENABLE_MODULES = YES;
				CLANG_ENABLE_OBJC_ARC = YES;
				CLANG_ENABLE_OBJC_WEAK = YES;
				CLANG_WARN_BLOCK_CAPTURE_AUTORELEASING = YES;
				CLANG_WARN_BOOL_CONVERSION = YES;
				CLANG_WARN_COMMA = YES;
				CLANG_WARN_CONSTANT_CONVERSION = YES;
				CLANG_WARN_DEPRECATED_OBJC_IMPLEMENTATIONS = YES;
				CLANG_WARN_DIRECT_OBJC_ISA_USAGE = YES_ERROR;
				CLANG_WARN_DOCUMENTATION_COMMENTS = YES;
				CLANG_WARN_EMPTY_BODY = YES;
				CLANG_WARN_ENUM_CONVERSION = YES;
				CLANG_WARN_INFINITE_RECURSION = YES;
				CLANG_WARN_INT_CONVERSION = YES;
				CLANG_WARN_NON_LITERAL_NULL_CONVERSION = YES;
				CLANG_WARN_OBJC_IMPLICIT_RETAIN_SELF = YES;
				CLANG_WARN_OBJC_LITERAL_CONVERSION = YES;
				CLANG_WARN_OBJC_ROOT_CLASS = YES_ERROR;
				CLANG_WARN_QUOTED_INCLUDE_IN_FRAMEWORK_HEADER = YES;
				CLANG_WARN_RANGE_LOOP_ANALYSIS = YES;
				CLANG_WARN_STRICT_PROTOTYPES = YES;
				CLANG_WARN_SUSPICIOUS_MOVE = YES;
				CLANG_WARN_UNGUARDED_AVAILABILITY = YES_AGGRESSIVE;
				CLANG_WARN_UNREACHABLE_CODE = YES;
				CLANG_WARN__DUPLICATE_METHOD_MATCH = YES;
				COPY_PHASE_STRIP = NO;
				DEBUG_INFORMATION_FORMAT = dwarf;
				ENABLE_STRICT_OBJC_MSGSEND = YES;
				ENABLE_TESTABILITY = YES;
				GCC_C_LANGUAGE_STANDARD = gnu11;
				GCC_DYNAMIC_NO_PIC = NO;
				GCC_NO_COMMON_BLOCKS = YES;
				GCC_OPTIMIZATION_LEVEL = 0;
				GCC_PREPROCESSOR_DEFINITIONS = (
					"DEBUG=1",
					"$(inherited)",
				);
				GCC_WARN_64_TO_32_BIT_CONVERSION = YES;
				GCC_WARN_ABOUT_RETURN_TYPE = YES_ERROR;
				GCC_WARN_UNDECLARED_SELECTOR = YES;
				GCC_WARN_UNINITIALIZED_AUTOS = YES_AGGRESSIVE;
				GCC_WARN_UNUSED_FUNCTION = YES;
				GCC_WARN_UNUSED_VARIABLE = YES;
				IPHONEOS_DEPLOYMENT_TARGET = 14.0;
				MTL_ENABLE_DEBUG_INFO = INCLUDE_SOURCE;
				MTL_FAST_MATH = YES;
				ONLY_ACTIVE_ARCH = YES;
				SDKROOT = iphoneos;
				SWIFT_ACTIVE_COMPILATION_CONDITIONS = DEBUG;
				SWIFT_OPTIMIZATION_LEVEL = "-Onone";
			};
			name = Debug;
		};
		769F868D256BB82F001F490A /* Release */ = {
			isa = XCBuildConfiguration;
			buildSettings = {
				ALWAYS_SEARCH_USER_PATHS = NO;
				CLANG_ANALYZER_NONNULL = YES;
				CLANG_ANALYZER_NUMBER_OBJECT_CONVERSION = YES_AGGRESSIVE;
				CLANG_CXX_LANGUAGE_STANDARD = "gnu++14";
				CLANG_CXX_LIBRARY = "libc++";
				CLANG_ENABLE_MODULES = YES;
				CLANG_ENABLE_OBJC_ARC = YES;
				CLANG_ENABLE_OBJC_WEAK = YES;
				CLANG_WARN_BLOCK_CAPTURE_AUTORELEASING = YES;
				CLANG_WARN_BOOL_CONVERSION = YES;
				CLANG_WARN_COMMA = YES;
				CLANG_WARN_CONSTANT_CONVERSION = YES;
				CLANG_WARN_DEPRECATED_OBJC_IMPLEMENTATIONS = YES;
				CLANG_WARN_DIRECT_OBJC_ISA_USAGE = YES_ERROR;
				CLANG_WARN_DOCUMENTATION_COMMENTS = YES;
				CLANG_WARN_EMPTY_BODY = YES;
				CLANG_WARN_ENUM_CONVERSION = YES;
				CLANG_WARN_INFINITE_RECURSION = YES;
				CLANG_WARN_INT_CONVERSION = YES;
				CLANG_WARN_NON_LITERAL_NULL_CONVERSION = YES;
				CLANG_WARN_OBJC_IMPLICIT_RETAIN_SELF = YES;
				CLANG_WARN_OBJC_LITERAL_CONVERSION = YES;
				CLANG_WARN_OBJC_ROOT_CLASS = YES_ERROR;
				CLANG_WARN_QUOTED_INCLUDE_IN_FRAMEWORK_HEADER = YES;
				CLANG_WARN_RANGE_LOOP_ANALYSIS = YES;
				CLANG_WARN_STRICT_PROTOTYPES = YES;
				CLANG_WARN_SUSPICIOUS_MOVE = YES;
				CLANG_WARN_UNGUARDED_AVAILABILITY = YES_AGGRESSIVE;
				CLANG_WARN_UNREACHABLE_CODE = YES;
				CLANG_WARN__DUPLICATE_METHOD_MATCH = YES;
				COPY_PHASE_STRIP = NO;
				DEBUG_INFORMATION_FORMAT = "dwarf-with-dsym";
				ENABLE_NS_ASSERTIONS = NO;
				ENABLE_STRICT_OBJC_MSGSEND = YES;
				GCC_C_LANGUAGE_STANDARD = gnu11;
				GCC_NO_COMMON_BLOCKS = YES;
				GCC_WARN_64_TO_32_BIT_CONVERSION = YES;
				GCC_WARN_ABOUT_RETURN_TYPE = YES_ERROR;
				GCC_WARN_UNDECLARED_SELECTOR = YES;
				GCC_WARN_UNINITIALIZED_AUTOS = YES_AGGRESSIVE;
				GCC_WARN_UNUSED_FUNCTION = YES;
				GCC_WARN_UNUSED_VARIABLE = YES;
				IPHONEOS_DEPLOYMENT_TARGET = 14.0;
				MTL_ENABLE_DEBUG_INFO = NO;
				MTL_FAST_MATH = YES;
				SDKROOT = iphoneos;
				SWIFT_COMPILATION_MODE = wholemodule;
				SWIFT_OPTIMIZATION_LEVEL = "-O";
				VALIDATE_PRODUCT = YES;
			};
			name = Release;
		};
		769F868F256BB82F001F490A /* Debug */ = {
			isa = XCBuildConfiguration;
			baseConfigurationReference = 617A97F09BBCE400ED7482FD /* Pods-GenericNetwork.debug.xcconfig */;
			buildSettings = {
				ASSETCATALOG_COMPILER_APPICON_NAME = AppIcon;
				ASSETCATALOG_COMPILER_GLOBAL_ACCENT_COLOR_NAME = AccentColor;
				CODE_SIGN_STYLE = Automatic;
				DEVELOPMENT_TEAM = 4CPW54ZVP7;
				INFOPLIST_FILE = "GenericNetwork/Supporting Files/Info.plist";
				LD_RUNPATH_SEARCH_PATHS = (
					"$(inherited)",
					"@executable_path/Frameworks",
				);
				PRODUCT_BUNDLE_IDENTIFIER = "Mohamed-Adel.GenericNetwork";
				PRODUCT_NAME = "$(TARGET_NAME)";
				SWIFT_VERSION = 5.0;
				TARGETED_DEVICE_FAMILY = "1,2";
			};
			name = Debug;
		};
		769F8690256BB82F001F490A /* Release */ = {
			isa = XCBuildConfiguration;
			baseConfigurationReference = B0F9D9C704C0D23D66F3CBB1 /* Pods-GenericNetwork.release.xcconfig */;
			buildSettings = {
				ASSETCATALOG_COMPILER_APPICON_NAME = AppIcon;
				ASSETCATALOG_COMPILER_GLOBAL_ACCENT_COLOR_NAME = AccentColor;
				CODE_SIGN_STYLE = Automatic;
				DEVELOPMENT_TEAM = 4CPW54ZVP7;
				INFOPLIST_FILE = "GenericNetwork/Supporting Files/Info.plist";
				LD_RUNPATH_SEARCH_PATHS = (
					"$(inherited)",
					"@executable_path/Frameworks",
				);
				PRODUCT_BUNDLE_IDENTIFIER = "Mohamed-Adel.GenericNetwork";
				PRODUCT_NAME = "$(TARGET_NAME)";
				SWIFT_VERSION = 5.0;
				TARGETED_DEVICE_FAMILY = "1,2";
			};
			name = Release;
		};
/* End XCBuildConfiguration section */

/* Begin XCConfigurationList section */
		769F8675256BB829001F490A /* Build configuration list for PBXProject "GenericNetwork" */ = {
			isa = XCConfigurationList;
			buildConfigurations = (
				769F868C256BB82F001F490A /* Debug */,
				769F868D256BB82F001F490A /* Release */,
			);
			defaultConfigurationIsVisible = 0;
			defaultConfigurationName = Release;
		};
		769F868E256BB82F001F490A /* Build configuration list for PBXNativeTarget "GenericNetwork" */ = {
			isa = XCConfigurationList;
			buildConfigurations = (
				769F868F256BB82F001F490A /* Debug */,
				769F8690256BB82F001F490A /* Release */,
			);
			defaultConfigurationIsVisible = 0;
			defaultConfigurationName = Release;
		};
/* End XCConfigurationList section */
	};
	rootObject = 769F8672256BB829001F490A /* Project object */;
}
